
Microsoft Visual Studio Solution File, Format Version 12.00
# Visual Studio Version 16
VisualStudioVersion = 16.0.31424.327
MinimumVisualStudioVersion = 10.0.40219.1
Project("{FAE04EC0-301F-11D3-BF4B-00C04F79EFBC}") = "Messenger", "Messenger\Messenger.csproj", "{EBF470D5-F076-4B56-A786-3D59A3C24A8B}"
EndProject
Project("{FAE04EC0-301F-11D3-BF4B-00C04F79EFBC}") = "Client", "Client\Client.csproj", "{A003F17B-4F1D-478A-879F-DB7D8DA3C07B}"
EndProject
Project("{FAE04EC0-301F-11D3-BF4B-00C04F79EFBC}") = "Host", "Host\Host.csproj", "{2314603C-CC95-4EC5-BB8D-1DEB77E620AA}"
EndProject
Global
	GlobalSection(SolutionConfigurationPlatforms) = preSolution
		Debug|Any CPU = Debug|Any CPU
		Release|Any CPU = Release|Any CPU
	EndGlobalSection
	GlobalSection(ProjectConfigurationPlatforms) = postSolution
		{EBF470D5-F076-4B56-A786-3D59A3C24A8B}.Debug|Any CPU.ActiveCfg = Debug|Any CPU
		{EBF470D5-F076-4B56-A786-3D59A3C24A8B}.Debug|Any CPU.Build.0 = Debug|Any CPU
		{EBF470D5-F076-4B56-A786-3D59A3C24A8B}.Release|Any CPU.ActiveCfg = Release|Any CPU
		{EBF470D5-F076-4B56-A786-3D59A3C24A8B}.Release|Any CPU.Build.0 = Release|Any CPU
		{A003F17B-4F1D-478A-879F-DB7D8DA3C07B}.Debug|Any CPU.ActiveCfg = Debug|Any CPU
		{A003F17B-4F1D-478A-879F-DB7D8DA3C07B}.Debug|Any CPU.Build.0 = Debug|Any CPU
		{A003F17B-4F1D-478A-879F-DB7D8DA3C07B}.Release|Any CPU.ActiveCfg = Release|Any CPU
		{A003F17B-4F1D-478A-879F-DB7D8DA3C07B}.Release|Any CPU.Build.0 = Release|Any CPU
		{2314603C-CC95-4EC5-BB8D-1DEB77E620AA}.Debug|Any CPU.ActiveCfg = Debug|Any CPU
		{2314603C-CC95-4EC5-BB8D-1DEB77E620AA}.Debug|Any CPU.Build.0 = Debug|Any CPU
		{2314603C-CC95-4EC5-BB8D-1DEB77E620AA}.Release|Any CPU.ActiveCfg = Release|Any CPU
		{2314603C-CC95-4EC5-BB8D-1DEB77E620AA}.Release|Any CPU.Build.0 = Release|Any CPU
	EndGlobalSection
	GlobalSection(SolutionProperties) = preSolution
		HideSolutionNode = FALSE
	EndGlobalSection
	GlobalSection(ExtensibilityGlobals) = postSolution
		SolutionGuid = {9C38B59B-7E70-4741-95B3-ED38F025B422}
	EndGlobalSection
EndGlobal
